{
  "name": "patterns",
  "version": "1.1.0",
  "lockfileVersion": 1,
  "requires": true,
  "dependencies": {
    "@types/jquery": {
      "version": "3.2.16",
      "resolved": "http://registry.npmjs.org/@types/jquery/-/jquery-3.2.16.tgz",
      "integrity": "sha1-BEGcQEoxlDUOfT8zmpDnLIjbMRE="
    },
    "@types/jqueryui": {
      "version": "1.11.37",
      "resolved": "http://registry.npmjs.org/@types/jqueryui/-/jqueryui-1.11.37.tgz",
      "integrity": "sha1-uvZphq49V75/DfYxgG4/qv6QsTE=",
      "requires": {
        "@types/jquery": "3.2.16"
      }
    },
    "@types/knockout": {
      "version": "3.4.47",
      "resolved": "http://registry.npmjs.org/@types/knockout/-/knockout-3.4.47.tgz",
      "integrity": "sha1-4xI3C9lojzc+TIrOQKMxfIgImsY="
    },
    "@types/mousetrap": {
      "version": "1.5.34",
      "resolved": "http://registry.npmjs.org/@types/mousetrap/-/mousetrap-1.5.34.tgz",
      "integrity": "sha1-IrM42cS839j4HDBoSu/rBKRycWg="
    },
    "@types/q": {
      "version": "0.0.32",
      "resolved": "https://registry.npmjs.org/@types/q/-/q-0.0.32.tgz",
      "integrity": "sha1-vShOV8hPEyXacCur/IKlMoGQwMU="
    },
    "@types/react": {
      "version": "16.0.25",
      "resolved": "http://registry.npmjs.org/@types/react/-/react-16.0.25.tgz",
      "integrity": "sha1-v2lrg/5IDF4O/0M17jnryViEoe0="
    },
    "@types/requirejs": {
      "version": "2.1.31",
      "resolved": "http://registry.npmjs.org/@types/requirejs/-/requirejs-2.1.31.tgz",
      "integrity": "sha1-ok6qDuT2uE/rj1IcplUNSEkLK8Y="
    },
    "vss-web-extension-sdk": {
      "version": "4.125.2",
      "resolved": "http://registry.npmjs.org/vss-web-extension-sdk/-/vss-web-extension-sdk-4.125.2.tgz",
      "integrity": "sha1-gBC/T/UnexbJ6jFlMQ/BNZs267E=",
      "requires": {
        "@types/jquery": "3.2.16",
        "@types/jqueryui": "1.11.37",
        "@types/knockout": "3.4.47",
        "@types/mousetrap": "1.5.34",
        "@types/q": "0.0.32",
        "@types/react": "16.0.25",
        "@types/requirejs": "2.1.31"
      }
    }
  }
}
